
Microsoft Visual Studio Solution File, Format Version 12.00
# Visual Studio 14
VisualStudioVersion = 14.0.24720.0
MinimumVisualStudioVersion = 10.0.40219.1
Project("{FAE04EC0-301F-11D3-BF4B-00C04F79EFBC}") = "01.Magic_Number", "Training\01.Magic_Number.csproj", "{06D61A5E-B643-49A3-A112-CCE55CD44FDB}"
EndProject
Project("{FAE04EC0-301F-11D3-BF4B-00C04F79EFBC}") = "02.Magic Number", "02.Magic Number\02.Magic Number.csproj", "{94E25FBA-EA5D-4B9F-A1F1-ED87FA1B7DE6}"
EndProject
Project("{FAE04EC0-301F-11D3-BF4B-00C04F79EFBC}") = "03.DateAfterFiveDays", "03.DayAfterFiveDays\03.DateAfterFiveDays.csproj", "{1267A7C2-1BD9-46AF-8D99-864A2B785E33}"
EndProject
Project("{FAE04EC0-301F-11D3-BF4B-00C04F79EFBC}") = "04.Triangle Area", "04.Triangle Area\04.Triangle Area.csproj", "{4CC88F36-B961-42FA-B16D-C2B2BECB5186}"
EndProject
Project("{FAE04EC0-301F-11D3-BF4B-00C04F79EFBC}") = "05.Bricks", "05.Bricks\05.Bricks.csproj", "{F1A6C136-58BA-4FFE-A6E5-CDCE007B4BA3}"
EndProject
Project("{FAE04EC0-301F-11D3-BF4B-00C04F79EFBC}") = "06.Flowers", "06.Flowers\06.Flowers.csproj", "{54E9BFBF-8F95-4018-A33F-2B5A7A4C353E}"
EndProject
Project("{FAE04EC0-301F-11D3-BF4B-00C04F79EFBC}") = "07.Grades", "07.Grades\07.Grades.csproj", "{B69DEA3E-3040-4F40-BEF7-40606AE40237}"
EndProject
Project("{FAE04EC0-301F-11D3-BF4B-00C04F79EFBC}") = "08. Christmas Hat", "08. Christmas Hat\08. Christmas Hat.csproj", "{EA153F21-C270-498F-AC51-2F19BCBA2EF6}"
EndProject
Project("{FAE04EC0-301F-11D3-BF4B-00C04F79EFBC}") = "09.Letters Combinations", "09.Letters Combinations\09.Letters Combinations.csproj", "{B2058FC7-5B9E-4924-A632-3E926B0CBEC2}"
EndProject
Project("{FAE04EC0-301F-11D3-BF4B-00C04F79EFBC}") = "10.House Price", "10.House Price\10.House Price.csproj", "{4DDC6C81-F91E-4D79-8EB1-AE053359F373}"
EndProject
Project("{FAE04EC0-301F-11D3-BF4B-00C04F79EFBC}") = "11.Flower Shop", "11.Flower Shop\11.Flower Shop.csproj", "{986DC4BB-B41E-441D-9CA4-6834E2A62BD4}"
EndProject
Project("{FAE04EC0-301F-11D3-BF4B-00C04F79EFBC}") = "12.Bike Race", "12.Bike Race\12.Bike Race.csproj", "{AF662789-2F9F-4CF9-8323-D4BA6C6D3F30}"
EndProject
Project("{FAE04EC0-301F-11D3-BF4B-00C04F79EFBC}") = "13.Logistics", "13.Logistics\13.Logistics.csproj", "{115A0975-C06B-42F5-A93E-BED848B7E600}"
EndProject
Project("{FAE04EC0-301F-11D3-BF4B-00C04F79EFBC}") = "14.Rocket", "14.Rocket\14.Rocket.csproj", "{4D5CBEE0-815B-495A-B297-DEDB3F01AA0F}"
EndProject
Project("{FAE04EC0-301F-11D3-BF4B-00C04F79EFBC}") = "15.Max Combination", "15.Max Combination\15.Max Combination.csproj", "{AC979388-7E91-47DF-8A72-82C596F63FFB}"
EndProject
Project("{FAE04EC0-301F-11D3-BF4B-00C04F79EFBC}") = "16.Fishland", "16.Fishland\16.Fishland.csproj", "{C99D71F3-C726-45FD-AA49-F2943FA2B451}"
EndProject
Project("{FAE04EC0-301F-11D3-BF4B-00C04F79EFBC}") = "17.Pets", "17.Петс\17.Pets.csproj", "{7127D604-C44A-47BA-A79C-25DA9F6C5C92}"
EndProject
Project("{FAE04EC0-301F-11D3-BF4B-00C04F79EFBC}") = "18.Vacation", "18.Vacation\18.Vacation.csproj", "{AEEADCE0-145F-4555-9E36-BE7D3A68B396}"
EndProject
Project("{FAE04EC0-301F-11D3-BF4B-00C04F79EFBC}") = "19.  SoftUni Camp", "19.  SoftUni Camp\19.  SoftUni Camp.csproj", "{F0F43F10-E3FC-4EE4-8630-BB0CC0D0D865}"
EndProject
Project("{FAE04EC0-301F-11D3-BF4B-00C04F79EFBC}") = "20.Fox", "20.Fox\20.Fox.csproj", "{C4C15061-2D68-45DA-B92B-2987CEE15E3D}"
EndProject
Project("{FAE04EC0-301F-11D3-BF4B-00C04F79EFBC}") = "21.Battles", "21.Battles\21.Battles.csproj", "{394D6621-54D2-4851-A87E-9B45476AB73B}"
EndProject
Project("{FAE04EC0-301F-11D3-BF4B-00C04F79EFBC}") = "22.Daily Profit", "ConsoleApplication1\22.Daily Profit.csproj", "{3ADCABCB-AB17-4915-A92A-638DAE41D7C4}"
EndProject
Project("{FAE04EC0-301F-11D3-BF4B-00C04F79EFBC}") = "23.Firm", "ConsoleApplication2\23.Firm.csproj", "{23235A88-D409-444E-96AD-40D0DC63628E}"
EndProject
Project("{FAE04EC0-301F-11D3-BF4B-00C04F79EFBC}") = "24.Hotel Room", "24.Hotel Room\24.Hotel Room.csproj", "{636C3C68-F5A2-4E0B-B474-362EF4A7186B}"
EndProject
Project("{FAE04EC0-301F-11D3-BF4B-00C04F79EFBC}") = "25.Hospital", "25.Hospital\25.Hospital.csproj", "{C870E8CD-0BDB-4D70-AA6C-D0F4EE8E9BE0}"
EndProject
Project("{FAE04EC0-301F-11D3-BF4B-00C04F79EFBC}") = "26.Axe", "26.Axe\26.Axe.csproj", "{86C8FEAD-8E26-4429-99CD-2BD994D9B622}"
EndProject
Project("{FAE04EC0-301F-11D3-BF4B-00C04F79EFBC}") = "27.Digits", "27.Digits\27.Digits.csproj", "{14C67C2E-41BE-46B4-BC86-63BB1ECF4FF1}"
EndProject
Global
	GlobalSection(SolutionConfigurationPlatforms) = preSolution
		Debug|Any CPU = Debug|Any CPU
		Release|Any CPU = Release|Any CPU
	EndGlobalSection
	GlobalSection(ProjectConfigurationPlatforms) = postSolution
		{06D61A5E-B643-49A3-A112-CCE55CD44FDB}.Debug|Any CPU.ActiveCfg = Debug|Any CPU
		{06D61A5E-B643-49A3-A112-CCE55CD44FDB}.Debug|Any CPU.Build.0 = Debug|Any CPU
		{06D61A5E-B643-49A3-A112-CCE55CD44FDB}.Release|Any CPU.ActiveCfg = Release|Any CPU
		{06D61A5E-B643-49A3-A112-CCE55CD44FDB}.Release|Any CPU.Build.0 = Release|Any CPU
		{94E25FBA-EA5D-4B9F-A1F1-ED87FA1B7DE6}.Debug|Any CPU.ActiveCfg = Debug|Any CPU
		{94E25FBA-EA5D-4B9F-A1F1-ED87FA1B7DE6}.Debug|Any CPU.Build.0 = Debug|Any CPU
		{94E25FBA-EA5D-4B9F-A1F1-ED87FA1B7DE6}.Release|Any CPU.ActiveCfg = Release|Any CPU
		{94E25FBA-EA5D-4B9F-A1F1-ED87FA1B7DE6}.Release|Any CPU.Build.0 = Release|Any CPU
		{1267A7C2-1BD9-46AF-8D99-864A2B785E33}.Debug|Any CPU.ActiveCfg = Debug|Any CPU
		{1267A7C2-1BD9-46AF-8D99-864A2B785E33}.Debug|Any CPU.Build.0 = Debug|Any CPU
		{1267A7C2-1BD9-46AF-8D99-864A2B785E33}.Release|Any CPU.ActiveCfg = Release|Any CPU
		{1267A7C2-1BD9-46AF-8D99-864A2B785E33}.Release|Any CPU.Build.0 = Release|Any CPU
		{4CC88F36-B961-42FA-B16D-C2B2BECB5186}.Debug|Any CPU.ActiveCfg = Debug|Any CPU
		{4CC88F36-B961-42FA-B16D-C2B2BECB5186}.Debug|Any CPU.Build.0 = Debug|Any CPU
		{4CC88F36-B961-42FA-B16D-C2B2BECB5186}.Release|Any CPU.ActiveCfg = Release|Any CPU
		{4CC88F36-B961-42FA-B16D-C2B2BECB5186}.Release|Any CPU.Build.0 = Release|Any CPU
		{F1A6C136-58BA-4FFE-A6E5-CDCE007B4BA3}.Debug|Any CPU.ActiveCfg = Debug|Any CPU
		{F1A6C136-58BA-4FFE-A6E5-CDCE007B4BA3}.Debug|Any CPU.Build.0 = Debug|Any CPU
		{F1A6C136-58BA-4FFE-A6E5-CDCE007B4BA3}.Release|Any CPU.ActiveCfg = Release|Any CPU
		{F1A6C136-58BA-4FFE-A6E5-CDCE007B4BA3}.Release|Any CPU.Build.0 = Release|Any CPU
		{54E9BFBF-8F95-4018-A33F-2B5A7A4C353E}.Debug|Any CPU.ActiveCfg = Debug|Any CPU
		{54E9BFBF-8F95-4018-A33F-2B5A7A4C353E}.Debug|Any CPU.Build.0 = Debug|Any CPU
		{54E9BFBF-8F95-4018-A33F-2B5A7A4C353E}.Release|Any CPU.ActiveCfg = Release|Any CPU
		{54E9BFBF-8F95-4018-A33F-2B5A7A4C353E}.Release|Any CPU.Build.0 = Release|Any CPU
		{B69DEA3E-3040-4F40-BEF7-40606AE40237}.Debug|Any CPU.ActiveCfg = Debug|Any CPU
		{B69DEA3E-3040-4F40-BEF7-40606AE40237}.Debug|Any CPU.Build.0 = Debug|Any CPU
		{B69DEA3E-3040-4F40-BEF7-40606AE40237}.Release|Any CPU.ActiveCfg = Release|Any CPU
		{B69DEA3E-3040-4F40-BEF7-40606AE40237}.Release|Any CPU.Build.0 = Release|Any CPU
		{EA153F21-C270-498F-AC51-2F19BCBA2EF6}.Debug|Any CPU.ActiveCfg = Debug|Any CPU
		{EA153F21-C270-498F-AC51-2F19BCBA2EF6}.Debug|Any CPU.Build.0 = Debug|Any CPU
		{EA153F21-C270-498F-AC51-2F19BCBA2EF6}.Release|Any CPU.ActiveCfg = Release|Any CPU
		{EA153F21-C270-498F-AC51-2F19BCBA2EF6}.Release|Any CPU.Build.0 = Release|Any CPU
		{B2058FC7-5B9E-4924-A632-3E926B0CBEC2}.Debug|Any CPU.ActiveCfg = Debug|Any CPU
		{B2058FC7-5B9E-4924-A632-3E926B0CBEC2}.Debug|Any CPU.Build.0 = Debug|Any CPU
		{B2058FC7-5B9E-4924-A632-3E926B0CBEC2}.Release|Any CPU.ActiveCfg = Release|Any CPU
		{B2058FC7-5B9E-4924-A632-3E926B0CBEC2}.Release|Any CPU.Build.0 = Release|Any CPU
		{4DDC6C81-F91E-4D79-8EB1-AE053359F373}.Debug|Any CPU.ActiveCfg = Debug|Any CPU
		{4DDC6C81-F91E-4D79-8EB1-AE053359F373}.Debug|Any CPU.Build.0 = Debug|Any CPU
		{4DDC6C81-F91E-4D79-8EB1-AE053359F373}.Release|Any CPU.ActiveCfg = Release|Any CPU
		{4DDC6C81-F91E-4D79-8EB1-AE053359F373}.Release|Any CPU.Build.0 = Release|Any CPU
		{986DC4BB-B41E-441D-9CA4-6834E2A62BD4}.Debug|Any CPU.ActiveCfg = Debug|Any CPU
		{986DC4BB-B41E-441D-9CA4-6834E2A62BD4}.Debug|Any CPU.Build.0 = Debug|Any CPU
		{986DC4BB-B41E-441D-9CA4-6834E2A62BD4}.Release|Any CPU.ActiveCfg = Release|Any CPU
		{986DC4BB-B41E-441D-9CA4-6834E2A62BD4}.Release|Any CPU.Build.0 = Release|Any CPU
		{AF662789-2F9F-4CF9-8323-D4BA6C6D3F30}.Debug|Any CPU.ActiveCfg = Debug|Any CPU
		{AF662789-2F9F-4CF9-8323-D4BA6C6D3F30}.Debug|Any CPU.Build.0 = Debug|Any CPU
		{AF662789-2F9F-4CF9-8323-D4BA6C6D3F30}.Release|Any CPU.ActiveCfg = Release|Any CPU
		{AF662789-2F9F-4CF9-8323-D4BA6C6D3F30}.Release|Any CPU.Build.0 = Release|Any CPU
		{115A0975-C06B-42F5-A93E-BED848B7E600}.Debug|Any CPU.ActiveCfg = Debug|Any CPU
		{115A0975-C06B-42F5-A93E-BED848B7E600}.Debug|Any CPU.Build.0 = Debug|Any CPU
		{115A0975-C06B-42F5-A93E-BED848B7E600}.Release|Any CPU.ActiveCfg = Release|Any CPU
		{115A0975-C06B-42F5-A93E-BED848B7E600}.Release|Any CPU.Build.0 = Release|Any CPU
		{4D5CBEE0-815B-495A-B297-DEDB3F01AA0F}.Debug|Any CPU.ActiveCfg = Debug|Any CPU
		{4D5CBEE0-815B-495A-B297-DEDB3F01AA0F}.Debug|Any CPU.Build.0 = Debug|Any CPU
		{4D5CBEE0-815B-495A-B297-DEDB3F01AA0F}.Release|Any CPU.ActiveCfg = Release|Any CPU
		{4D5CBEE0-815B-495A-B297-DEDB3F01AA0F}.Release|Any CPU.Build.0 = Release|Any CPU
		{AC979388-7E91-47DF-8A72-82C596F63FFB}.Debug|Any CPU.ActiveCfg = Debug|Any CPU
		{AC979388-7E91-47DF-8A72-82C596F63FFB}.Debug|Any CPU.Build.0 = Debug|Any CPU
		{AC979388-7E91-47DF-8A72-82C596F63FFB}.Release|Any CPU.ActiveCfg = Release|Any CPU
		{AC979388-7E91-47DF-8A72-82C596F63FFB}.Release|Any CPU.Build.0 = Release|Any CPU
		{C99D71F3-C726-45FD-AA49-F2943FA2B451}.Debug|Any CPU.ActiveCfg = Debug|Any CPU
		{C99D71F3-C726-45FD-AA49-F2943FA2B451}.Debug|Any CPU.Build.0 = Debug|Any CPU
		{C99D71F3-C726-45FD-AA49-F2943FA2B451}.Release|Any CPU.ActiveCfg = Release|Any CPU
		{C99D71F3-C726-45FD-AA49-F2943FA2B451}.Release|Any CPU.Build.0 = Release|Any CPU
		{7127D604-C44A-47BA-A79C-25DA9F6C5C92}.Debug|Any CPU.ActiveCfg = Debug|Any CPU
		{7127D604-C44A-47BA-A79C-25DA9F6C5C92}.Debug|Any CPU.Build.0 = Debug|Any CPU
		{7127D604-C44A-47BA-A79C-25DA9F6C5C92}.Release|Any CPU.ActiveCfg = Release|Any CPU
		{7127D604-C44A-47BA-A79C-25DA9F6C5C92}.Release|Any CPU.Build.0 = Release|Any CPU
		{AEEADCE0-145F-4555-9E36-BE7D3A68B396}.Debug|Any CPU.ActiveCfg = Debug|Any CPU
		{AEEADCE0-145F-4555-9E36-BE7D3A68B396}.Debug|Any CPU.Build.0 = Debug|Any CPU
		{AEEADCE0-145F-4555-9E36-BE7D3A68B396}.Release|Any CPU.ActiveCfg = Release|Any CPU
		{AEEADCE0-145F-4555-9E36-BE7D3A68B396}.Release|Any CPU.Build.0 = Release|Any CPU
		{F0F43F10-E3FC-4EE4-8630-BB0CC0D0D865}.Debug|Any CPU.ActiveCfg = Debug|Any CPU
		{F0F43F10-E3FC-4EE4-8630-BB0CC0D0D865}.Debug|Any CPU.Build.0 = Debug|Any CPU
		{F0F43F10-E3FC-4EE4-8630-BB0CC0D0D865}.Release|Any CPU.ActiveCfg = Release|Any CPU
		{F0F43F10-E3FC-4EE4-8630-BB0CC0D0D865}.Release|Any CPU.Build.0 = Release|Any CPU
		{C4C15061-2D68-45DA-B92B-2987CEE15E3D}.Debug|Any CPU.ActiveCfg = Debug|Any CPU
		{C4C15061-2D68-45DA-B92B-2987CEE15E3D}.Debug|Any CPU.Build.0 = Debug|Any CPU
		{C4C15061-2D68-45DA-B92B-2987CEE15E3D}.Release|Any CPU.ActiveCfg = Release|Any CPU
		{C4C15061-2D68-45DA-B92B-2987CEE15E3D}.Release|Any CPU.Build.0 = Release|Any CPU
		{394D6621-54D2-4851-A87E-9B45476AB73B}.Debug|Any CPU.ActiveCfg = Debug|Any CPU
		{394D6621-54D2-4851-A87E-9B45476AB73B}.Debug|Any CPU.Build.0 = Debug|Any CPU
		{394D6621-54D2-4851-A87E-9B45476AB73B}.Release|Any CPU.ActiveCfg = Release|Any CPU
		{394D6621-54D2-4851-A87E-9B45476AB73B}.Release|Any CPU.Build.0 = Release|Any CPU
		{3ADCABCB-AB17-4915-A92A-638DAE41D7C4}.Debug|Any CPU.ActiveCfg = Debug|Any CPU
		{3ADCABCB-AB17-4915-A92A-638DAE41D7C4}.Debug|Any CPU.Build.0 = Debug|Any CPU
		{3ADCABCB-AB17-4915-A92A-638DAE41D7C4}.Release|Any CPU.ActiveCfg = Release|Any CPU
		{3ADCABCB-AB17-4915-A92A-638DAE41D7C4}.Release|Any CPU.Build.0 = Release|Any CPU
		{23235A88-D409-444E-96AD-40D0DC63628E}.Debug|Any CPU.ActiveCfg = Debug|Any CPU
		{23235A88-D409-444E-96AD-40D0DC63628E}.Debug|Any CPU.Build.0 = Debug|Any CPU
		{23235A88-D409-444E-96AD-40D0DC63628E}.Release|Any CPU.ActiveCfg = Release|Any CPU
		{23235A88-D409-444E-96AD-40D0DC63628E}.Release|Any CPU.Build.0 = Release|Any CPU
		{636C3C68-F5A2-4E0B-B474-362EF4A7186B}.Debug|Any CPU.ActiveCfg = Debug|Any CPU
		{636C3C68-F5A2-4E0B-B474-362EF4A7186B}.Debug|Any CPU.Build.0 = Debug|Any CPU
		{636C3C68-F5A2-4E0B-B474-362EF4A7186B}.Release|Any CPU.ActiveCfg = Release|Any CPU
		{636C3C68-F5A2-4E0B-B474-362EF4A7186B}.Release|Any CPU.Build.0 = Release|Any CPU
		{C870E8CD-0BDB-4D70-AA6C-D0F4EE8E9BE0}.Debug|Any CPU.ActiveCfg = Debug|Any CPU
		{C870E8CD-0BDB-4D70-AA6C-D0F4EE8E9BE0}.Debug|Any CPU.Build.0 = Debug|Any CPU
		{C870E8CD-0BDB-4D70-AA6C-D0F4EE8E9BE0}.Release|Any CPU.ActiveCfg = Release|Any CPU
		{C870E8CD-0BDB-4D70-AA6C-D0F4EE8E9BE0}.Release|Any CPU.Build.0 = Release|Any CPU
		{86C8FEAD-8E26-4429-99CD-2BD994D9B622}.Debug|Any CPU.ActiveCfg = Debug|Any CPU
		{86C8FEAD-8E26-4429-99CD-2BD994D9B622}.Debug|Any CPU.Build.0 = Debug|Any CPU
		{86C8FEAD-8E26-4429-99CD-2BD994D9B622}.Release|Any CPU.ActiveCfg = Release|Any CPU
		{86C8FEAD-8E26-4429-99CD-2BD994D9B622}.Release|Any CPU.Build.0 = Release|Any CPU
		{14C67C2E-41BE-46B4-BC86-63BB1ECF4FF1}.Debug|Any CPU.ActiveCfg = Debug|Any CPU
		{14C67C2E-41BE-46B4-BC86-63BB1ECF4FF1}.Debug|Any CPU.Build.0 = Debug|Any CPU
		{14C67C2E-41BE-46B4-BC86-63BB1ECF4FF1}.Release|Any CPU.ActiveCfg = Release|Any CPU
		{14C67C2E-41BE-46B4-BC86-63BB1ECF4FF1}.Release|Any CPU.Build.0 = Release|Any CPU
	EndGlobalSection
	GlobalSection(SolutionProperties) = preSolution
		HideSolutionNode = FALSE
	EndGlobalSection
EndGlobal
